
Microsoft Visual Studio Solution File, Format Version 12.00
# Visual Studio Version 16
VisualStudioVersion = 16.0.30413.136
MinimumVisualStudioVersion = 10.0.40219.1
Project("{FAE04EC0-301F-11D3-BF4B-00C04F79EFBC}") = "ChessBoardConsoleApp", "ChessBoardConsoleApp\ChessBoardConsoleApp.csproj", "{DCF19001-8049-47DB-AECD-7F4C4797B1F6}"
EndProject
Project("{FAE04EC0-301F-11D3-BF4B-00C04F79EFBC}") = "ChessBoardModel", "ChessBoardModel\ChessBoardModel.csproj", "{DC728F5B-1AB7-4A02-AB15-5BC4F5AEF242}"
EndProject
Global
	GlobalSection(SolutionConfigurationPlatforms) = preSolution
		Debug|Any CPU = Debug|Any CPU
		Release|Any CPU = Release|Any CPU
	EndGlobalSection
	GlobalSection(ProjectConfigurationPlatforms) = postSolution
		{DCF19001-8049-47DB-AECD-7F4C4797B1F6}.Debug|Any CPU.ActiveCfg = Debug|Any CPU
		{DCF19001-8049-47DB-AECD-7F4C4797B1F6}.Debug|Any CPU.Build.0 = Debug|Any CPU
		{DCF19001-8049-47DB-AECD-7F4C4797B1F6}.Release|Any CPU.ActiveCfg = Release|Any CPU
		{DCF19001-8049-47DB-AECD-7F4C4797B1F6}.Release|Any CPU.Build.0 = Release|Any CPU
		{DC728F5B-1AB7-4A02-AB15-5BC4F5AEF242}.Debug|Any CPU.ActiveCfg = Debug|Any CPU
		{DC728F5B-1AB7-4A02-AB15-5BC4F5AEF242}.Debug|Any CPU.Build.0 = Debug|Any CPU
		{DC728F5B-1AB7-4A02-AB15-5BC4F5AEF242}.Release|Any CPU.ActiveCfg = Release|Any CPU
		{DC728F5B-1AB7-4A02-AB15-5BC4F5AEF242}.Release|Any CPU.Build.0 = Release|Any CPU
	EndGlobalSection
	GlobalSection(SolutionProperties) = preSolution
		HideSolutionNode = FALSE
	EndGlobalSection
	GlobalSection(ExtensibilityGlobals) = postSolution
		SolutionGuid = {1A390B18-E82D-49C6-976B-6E828A866510}
	EndGlobalSection
EndGlobal
