
Microsoft Visual Studio Solution File, Format Version 12.00
# Visual Studio Version 16
VisualStudioVersion = 16.0.30413.136
MinimumVisualStudioVersion = 10.0.40219.1
Project("{FAE04EC0-301F-11D3-BF4B-00C04F79EFBC}") = "CountToOne", "CountToOne\CountToOne.csproj", "{B1A6FBA3-552F-4E79-A42F-83FB84A78D31}"
EndProject
Global
	GlobalSection(SolutionConfigurationPlatforms) = preSolution
		Debug|Any CPU = Debug|Any CPU
		Release|Any CPU = Release|Any CPU
	EndGlobalSection
	GlobalSection(ProjectConfigurationPlatforms) = postSolution
		{B1A6FBA3-552F-4E79-A42F-83FB84A78D31}.Debug|Any CPU.ActiveCfg = Debug|Any CPU
		{B1A6FBA3-552F-4E79-A42F-83FB84A78D31}.Debug|Any CPU.Build.0 = Debug|Any CPU
		{B1A6FBA3-552F-4E79-A42F-83FB84A78D31}.Release|Any CPU.ActiveCfg = Release|Any CPU
		{B1A6FBA3-552F-4E79-A42F-83FB84A78D31}.Release|Any CPU.Build.0 = Release|Any CPU
	EndGlobalSection
	GlobalSection(SolutionProperties) = preSolution
		HideSolutionNode = FALSE
	EndGlobalSection
	GlobalSection(ExtensibilityGlobals) = postSolution
		SolutionGuid = {0CB1DAD6-D285-4ACF-B6EE-E7C96EF6C6A0}
	EndGlobalSection
EndGlobal
